
Microsoft Visual Studio Solution File, Format Version 12.00
# Visual Studio Version 17
VisualStudioVersion = 17.5.33516.290
MinimumVisualStudioVersion = 10.0.40219.1
Project("{FAE04EC0-301F-11D3-BF4B-00C04F79EFBC}") = "Demo", "Demo\Demo.csproj", "{B97B2974-D501-458C-B8DB-092F002233FA}"
EndProject
Global
	GlobalSection(SolutionConfigurationPlatforms) = preSolution
		Debug|Any CPU = Debug|Any CPU
		Release|Any CPU = Release|Any CPU
	EndGlobalSection
	GlobalSection(ProjectConfigurationPlatforms) = postSolution
		{B97B2974-D501-458C-B8DB-092F002233FA}.Debug|Any CPU.ActiveCfg = Debug|Any CPU
		{B97B2974-D501-458C-B8DB-092F002233FA}.Debug|Any CPU.Build.0 = Debug|Any CPU
		{B97B2974-D501-458C-B8DB-092F002233FA}.Release|Any CPU.ActiveCfg = Release|Any CPU
		{B97B2974-D501-458C-B8DB-092F002233FA}.Release|Any CPU.Build.0 = Release|Any CPU
	EndGlobalSection
	GlobalSection(SolutionProperties) = preSolution
		HideSolutionNode = FALSE
	EndGlobalSection
	GlobalSection(ExtensibilityGlobals) = postSolution
		SolutionGuid = {7D45C101-D796-457E-B276-5ABC2DF7178E}
	EndGlobalSection
EndGlobal
